{
  "name": "@facing/facing-core",
  "version": "0.2.6",
  "lockfileVersion": 1,
  "requires": true,
  "dependencies": {
    "@facing/logger": {
      "version": "0.2.5",
      "resolved": "https://registry.npmjs.org/@facing/logger/-/logger-0.2.5.tgz",
      "integrity": "sha512-A866iaU/pmh0zdF9YECNNLjLGEAwbBRBJWX4AQd/+nZP9vHwrQK4oJEn95G+o26gtGAiBfYCBjzRXXMWl093Cg=="
    },
    "@facing/observer": {
      "version": "0.2.6",
      "resolved": "https://registry.npmjs.org/@facing/observer/-/observer-0.2.6.tgz",
      "integrity": "sha512-9bmFezfRLhEj50rdsItuHARQ6idn1uk98EC5L72eytjyMtOZWdbetLTCy0ztK1c9YiMM/y2ZmgaP1dUTgSMlIQ=="
    },
    "@facing/scheduler": {
      "version": "0.2.10",
      "resolved": "https://registry.npmjs.org/@facing/scheduler/-/scheduler-0.2.10.tgz",
      "integrity": "sha512-y252wOgVvqhfXt5gGCwyAKJQ67oH5modpRWNMPGa1U58uGH3plQeA1btnncwD5MlJIIdQawb0KiTCWqYplXC3g=="
    },
    "typescript": {
      "version": "4.5.5",
      "resolved": "https://registry.npmjs.org/typescript/-/typescript-4.5.5.tgz",
      "integrity": "sha512-TCTIul70LyWe6IJWT8QSYeA54WQe8EjQFU4wY52Fasj5UKx88LNYKCgBEHcOMOrFF1rKGbD8v/xcNWVUq9SymA==",
      "dev": true
    }
  }
}
