{
  "name": "@facing/facing-core",
  "version": "0.2.6",
  "lockfileVersion": 1,
  "requires": true,
  "dependencies": {
    "@facing/logger": {
      "version": "0.2.4",
      "resolved": "https://registry.npmjs.org/@facing/logger/-/logger-0.2.4.tgz",
      "integrity": "sha512-ZLkJp/AYUdCXkpePnwS3H2tYWWf8cDUyFdilXHvDnDJKPitqrR4DHOaqVyMW/Czaqlv23ODrjktqF5q7jHElDQ==",
      "requires": {
        "typescript": "^4.5.5"
      }
    },
    "@facing/observer": {
      "version": "0.2.4",
      "resolved": "https://registry.npmjs.org/@facing/observer/-/observer-0.2.4.tgz",
      "integrity": "sha512-uvhHx2MlSOAjeu3lTiZMBj1Tl+FuFX79B9t6I3oAyWOAAQ/vrjv+zEc8WUM/H9ZD0n/WmYa1AuQWm72633jHCQ=="
    },
    "typescript": {
      "version": "4.5.5",
      "resolved": "https://registry.npmjs.org/typescript/-/typescript-4.5.5.tgz",
      "integrity": "sha512-TCTIul70LyWe6IJWT8QSYeA54WQe8EjQFU4wY52Fasj5UKx88LNYKCgBEHcOMOrFF1rKGbD8v/xcNWVUq9SymA=="
    }
  }
}
