{
  "name": "@simler/simler-core",
  "version": "0.2.4",
  "lockfileVersion": 1,
  "requires": true,
  "dependencies": {
    "@simler/logger": {
      "version": "0.0.9",
      "resolved": "https://registry.npmjs.org/@simler/logger/-/logger-0.0.9.tgz",
      "integrity": "sha512-0NrAaZ6Ay7WEFIKCf5Q2a0+3YjNE1zrUmxlpduHFJMS4lfjRPhuAu4AJVTevQb3owH6S4tTUXXl+OPKeyREoNg==",
      "requires": {
        "typescript": "^4.5.5"
      }
    },
    "typescript": {
      "version": "4.5.5",
      "resolved": "https://registry.npmjs.org/typescript/-/typescript-4.5.5.tgz",
      "integrity": "sha512-TCTIul70LyWe6IJWT8QSYeA54WQe8EjQFU4wY52Fasj5UKx88LNYKCgBEHcOMOrFF1rKGbD8v/xcNWVUq9SymA=="
    }
  }
}
