{
  "name": "@facing/observer",
  "version": "0.2.6",
  "lockfileVersion": 1,
  "requires": true,
  "dependencies": {
    "@facing/logger": {
      "version": "0.2.6",
      "resolved": "https://registry.npmjs.org/@facing/logger/-/logger-0.2.6.tgz",
      "integrity": "sha512-gk2g/Z7jolzoZ/u6RWkYyBTFgA+CJEJ8XSIKjwtkvQEMpw9sXOV63vIWY5693I2qNh7T64MwSoogaiiDwMcjDQ=="
    },
    "typescript": {
      "version": "4.5.4",
      "resolved": "https://registry.npmjs.org/typescript/-/typescript-4.5.4.tgz",
      "integrity": "sha512-VgYs2A2QIRuGphtzFV7aQJduJ2gyfTljngLzjpfW9FoYZF6xuw1W0vW9ghCKLfcWrCFxK81CSGRAvS1pn4fIUg==",
      "dev": true
    }
  }
}
